
Microsoft Visual Studio Solution File, Format Version 12.00
# Visual Studio Version 16
VisualStudioVersion = 16.0.31624.102
MinimumVisualStudioVersion = 10.0.40219.1
Project("{FAE04EC0-301F-11D3-BF4B-00C04F79EFBC}") = "LSCPedidos.Domain", "LSCPedidos.Domain\LSCPedidos.Domain.csproj", "{6F10F763-3075-4C19-96BF-D80024A9F081}"
EndProject
Project("{FAE04EC0-301F-11D3-BF4B-00C04F79EFBC}") = "LSCPedidos.Interface", "Interface\LSCPedidos.Interface.csproj", "{069F383D-FFEA-4A47-A1AF-A255FADBB7BF}"
EndProject
Project("{FAE04EC0-301F-11D3-BF4B-00C04F79EFBC}") = "LSCPedidos.Repository", "LSCPedidos.Repositories\LSCPedidos.Repository.csproj", "{6E298BFF-1572-4F6F-BC03-626CAAA8DA9A}"
EndProject
Project("{FAE04EC0-301F-11D3-BF4B-00C04F79EFBC}") = "LSCPedidos.API", "LSCPedidos.API\LSCPedidos.API.csproj", "{9B849F24-13D6-4E78-814A-CD0ED639AE09}"
EndProject
Global
	GlobalSection(SolutionConfigurationPlatforms) = preSolution
		Debug|Any CPU = Debug|Any CPU
		Release|Any CPU = Release|Any CPU
	EndGlobalSection
	GlobalSection(ProjectConfigurationPlatforms) = postSolution
		{6F10F763-3075-4C19-96BF-D80024A9F081}.Debug|Any CPU.ActiveCfg = Debug|Any CPU
		{6F10F763-3075-4C19-96BF-D80024A9F081}.Debug|Any CPU.Build.0 = Debug|Any CPU
		{6F10F763-3075-4C19-96BF-D80024A9F081}.Release|Any CPU.ActiveCfg = Release|Any CPU
		{6F10F763-3075-4C19-96BF-D80024A9F081}.Release|Any CPU.Build.0 = Release|Any CPU
		{069F383D-FFEA-4A47-A1AF-A255FADBB7BF}.Debug|Any CPU.ActiveCfg = Debug|Any CPU
		{069F383D-FFEA-4A47-A1AF-A255FADBB7BF}.Debug|Any CPU.Build.0 = Debug|Any CPU
		{069F383D-FFEA-4A47-A1AF-A255FADBB7BF}.Release|Any CPU.ActiveCfg = Release|Any CPU
		{069F383D-FFEA-4A47-A1AF-A255FADBB7BF}.Release|Any CPU.Build.0 = Release|Any CPU
		{6E298BFF-1572-4F6F-BC03-626CAAA8DA9A}.Debug|Any CPU.ActiveCfg = Debug|Any CPU
		{6E298BFF-1572-4F6F-BC03-626CAAA8DA9A}.Debug|Any CPU.Build.0 = Debug|Any CPU
		{6E298BFF-1572-4F6F-BC03-626CAAA8DA9A}.Release|Any CPU.ActiveCfg = Release|Any CPU
		{6E298BFF-1572-4F6F-BC03-626CAAA8DA9A}.Release|Any CPU.Build.0 = Release|Any CPU
		{9B849F24-13D6-4E78-814A-CD0ED639AE09}.Debug|Any CPU.ActiveCfg = Debug|Any CPU
		{9B849F24-13D6-4E78-814A-CD0ED639AE09}.Debug|Any CPU.Build.0 = Debug|Any CPU
		{9B849F24-13D6-4E78-814A-CD0ED639AE09}.Release|Any CPU.ActiveCfg = Release|Any CPU
		{9B849F24-13D6-4E78-814A-CD0ED639AE09}.Release|Any CPU.Build.0 = Release|Any CPU
	EndGlobalSection
	GlobalSection(SolutionProperties) = preSolution
		HideSolutionNode = FALSE
	EndGlobalSection
	GlobalSection(ExtensibilityGlobals) = postSolution
		SolutionGuid = {0C2408EA-6D65-4E52-A60E-CB84017529C6}
	EndGlobalSection
EndGlobal
